// !$*UTF8*$!
{
	archiveVersion = 1;
	classes = {
	};
	objectVersion = 46;
	objects = {

/* Begin PBXBuildFile section */
		4BC492DA1A49B838005E8072 /* main.m in Sources */ = {isa = PBXBuildFile; fileRef = 4BC492D91A49B838005E8072 /* main.m */; };
		4BC492DD1A49B838005E8072 /* AppDelegate.m in Sources */ = {isa = PBXBuildFile; fileRef = 4BC492DC1A49B838005E8072 /* AppDelegate.m */; };
		4BC492E01A49B838005E8072 /* ViewController.m in Sources */ = {isa = PBXBuildFile; fileRef = 4BC492DF1A49B838005E8072 /* ViewController.m */; };
		4BC492E31A49B838005E8072 /* Main.storyboard in Resources */ = {isa = PBXBuildFile; fileRef = 4BC492E11A49B838005E8072 /* Main.storyboard */; };
		4BC492E51A49B838005E8072 /* Images.xcassets in Resources */ = {isa = PBXBuildFile; fileRef = 4BC492E41A49B838005E8072 /* Images.xcassets */; };
		4BC492E81A49B838005E8072 /* LaunchScreen.xib in Resources */ = {isa = PBXBuildFile; fileRef = 4BC492E61A49B838005E8072 /* LaunchScreen.xib */; };
		4BC492F41A49B838005E8072 /* JYFirstGithubTests.m in Sources */ = {isa = PBXBuildFile; fileRef = 4BC492F31A49B838005E8072 /* JYFirstGithubTests.m */; };
		82B17E4003B7743C784DC6AB /* libPods.a in Frameworks */ = {isa = PBXBuildFile; fileRef = A59CF29665BE6A7D77F6B600 /* libPods.a */; };
/* End PBXBuildFile section */

/* Begin PBXContainerItemProxy section */
		4BC492EE1A49B838005E8072 /* PBXContainerItemProxy */ = {
			isa = PBXContainerItemProxy;
			containerPortal = 4BC492CC1A49B838005E8072 /* Project object */;
			proxyType = 1;
			remoteGlobalIDString = 4BC492D31A49B838005E8072;
			remoteInfo = JYFirstGithub;
		};
/* End PBXContainerItemProxy section */

/* Begin PBXFileReference section */
		189CABF51A4A5E8700F61F2B /* JYPrefix.pch */ = {isa = PBXFileReference; fileEncoding = 4; lastKnownFileType = sourcecode.c.h; path = JYPrefix.pch; sourceTree = "<group>"; };
		38A1D849ADC1C1350653CA25 /* Pods.debug.xcconfig */ = {isa = PBXFileReference; includeInIndex = 1; lastKnownFileType = text.xcconfig; name = Pods.debug.xcconfig; path = "Pods/Target Support Files/Pods/Pods.debug.xcconfig"; sourceTree = "<group>"; };
		4BC492D41A49B838005E8072 /* JYFirstGithub.app */ = {isa = PBXFileReference; explicitFileType = wrapper.application; includeInIndex = 0; path = JYFirstGithub.app; sourceTree = BUILT_PRODUCTS_DIR; };
		4BC492D81A49B838005E8072 /* Info.plist */ = {isa = PBXFileReference; lastKnownFileType = text.plist.xml; path = Info.plist; sourceTree = "<group>"; };
		4BC492D91A49B838005E8072 /* main.m */ = {isa = PBXFileReference; lastKnownFileType = sourcecode.c.objc; path = main.m; sourceTree = "<group>"; };
		4BC492DB1A49B838005E8072 /* AppDelegate.h */ = {isa = PBXFileReference; lastKnownFileType = sourcecode.c.h; path = AppDelegate.h; sourceTree = "<group>"; };
		4BC492DC1A49B838005E8072 /* AppDelegate.m */ = {isa = PBXFileReference; lastKnownFileType = sourcecode.c.objc; path = AppDelegate.m; sourceTree = "<group>"; };
		4BC492DE1A49B838005E8072 /* ViewController.h */ = {isa = PBXFileReference; lastKnownFileType = sourcecode.c.h; path = ViewController.h; sourceTree = "<group>"; };
		4BC492DF1A49B838005E8072 /* ViewController.m */ = {isa = PBXFileReference; lastKnownFileType = sourcecode.c.objc; path = ViewController.m; sourceTree = "<group>"; };
		4BC492E21A49B838005E8072 /* Base */ = {isa = PBXFileReference; lastKnownFileType = file.storyboard; name = Base; path = Base.lproj/Main.storyboard; sourceTree = "<group>"; };
		4BC492E41A49B838005E8072 /* Images.xcassets */ = {isa = PBXFileReference; lastKnownFileType = folder.assetcatalog; path = Images.xcassets; sourceTree = "<group>"; };
		4BC492E71A49B838005E8072 /* Base */ = {isa = PBXFileReference; lastKnownFileType = file.xib; name = Base; path = Base.lproj/LaunchScreen.xib; sourceTree = "<group>"; };
		4BC492ED1A49B838005E8072 /* JYFirstGithubTests.xctest */ = {isa = PBXFileReference; explicitFileType = wrapper.cfbundle; includeInIndex = 0; path = JYFirstGithubTests.xctest; sourceTree = BUILT_PRODUCTS_DIR; };
		4BC492F21A49B838005E8072 /* Info.plist */ = {isa = PBXFileReference; lastKnownFileType = text.plist.xml; path = Info.plist; sourceTree = "<group>"; };
		4BC492F31A49B838005E8072 /* JYFirstGithubTests.m */ = {isa = PBXFileReference; lastKnownFileType = sourcecode.c.objc; path = JYFirstGithubTests.m; sourceTree = "<group>"; };
		8946F015DD7DB732439A3494 /* Pods.release.xcconfig */ = {isa = PBXFileReference; includeInIndex = 1; lastKnownFileType = text.xcconfig; name = Pods.release.xcconfig; path = "Pods/Target Support Files/Pods/Pods.release.xcconfig"; sourceTree = "<group>"; };
		A59CF29665BE6A7D77F6B600 /* libPods.a */ = {isa = PBXFileReference; explicitFileType = archive.ar; includeInIndex = 0; path = libPods.a; sourceTree = BUILT_PRODUCTS_DIR; };
/* End PBXFileReference section */

/* Begin PBXFrameworksBuildPhase section */
		4BC492D11A49B838005E8072 /* Frameworks */ = {
			isa = PBXFrameworksBuildPhase;
			buildActionMask = 2147483647;
			files = (
				82B17E4003B7743C784DC6AB /* libPods.a in Frameworks */,
			);
			runOnlyForDeploymentPostprocessing = 0;
		};
		4BC492EA1A49B838005E8072 /* Frameworks */ = {
			isa = PBXFrameworksBuildPhase;
			buildActionMask = 2147483647;
			files = (
			);
			runOnlyForDeploymentPostprocessing = 0;
		};
/* End PBXFrameworksBuildPhase section */

/* Begin PBXGroup section */
		15F0980BB850CB6E3FB822D3 /* Pods */ = {
			isa = PBXGroup;
			children = (
				38A1D849ADC1C1350653CA25 /* Pods.debug.xcconfig */,
				8946F015DD7DB732439A3494 /* Pods.release.xcconfig */,
			);
			name = Pods;
			sourceTree = "<group>";
		};
		20E53C48B770DE522F9EBB4E /* Frameworks */ = {
			isa = PBXGroup;
			children = (
				A59CF29665BE6A7D77F6B600 /* libPods.a */,
			);
			name = Frameworks;
			sourceTree = "<group>";
		};
		4BC492CB1A49B838005E8072 = {
			isa = PBXGroup;
			children = (
				4BC492D61A49B838005E8072 /* JYFirstGithub */,
				4BC492F01A49B838005E8072 /* JYFirstGithubTests */,
				4BC492D51A49B838005E8072 /* Products */,
				15F0980BB850CB6E3FB822D3 /* Pods */,
				20E53C48B770DE522F9EBB4E /* Frameworks */,
			);
			sourceTree = "<group>";
		};
		4BC492D51A49B838005E8072 /* Products */ = {
			isa = PBXGroup;
			children = (
				4BC492D41A49B838005E8072 /* JYFirstGithub.app */,
				4BC492ED1A49B838005E8072 /* JYFirstGithubTests.xctest */,
			);
			name = Products;
			sourceTree = "<group>";
		};
		4BC492D61A49B838005E8072 /* JYFirstGithub */ = {
			isa = PBXGroup;
			children = (
				4BC492DB1A49B838005E8072 /* AppDelegate.h */,
				4BC492DC1A49B838005E8072 /* AppDelegate.m */,
				4BC492DE1A49B838005E8072 /* ViewController.h */,
				4BC492DF1A49B838005E8072 /* ViewController.m */,
				4BC492E11A49B838005E8072 /* Main.storyboard */,
				4BC492E41A49B838005E8072 /* Images.xcassets */,
				4BC492E61A49B838005E8072 /* LaunchScreen.xib */,
				4BC492D71A49B838005E8072 /* Supporting Files */,
			);
			path = JYFirstGithub;
			sourceTree = "<group>";
		};
		4BC492D71A49B838005E8072 /* Supporting Files */ = {
			isa = PBXGroup;
			children = (
				4BC492D81A49B838005E8072 /* Info.plist */,
				4BC492D91A49B838005E8072 /* main.m */,
				189CABF51A4A5E8700F61F2B /* JYPrefix.pch */,
			);
			name = "Supporting Files";
			sourceTree = "<group>";
		};
		4BC492F01A49B838005E8072 /* JYFirstGithubTests */ = {
			isa = PBXGroup;
			children = (
				4BC492F31A49B838005E8072 /* JYFirstGithubTests.m */,
				4BC492F11A49B838005E8072 /* Supporting Files */,
			);
			path = JYFirstGithubTests;
			sourceTree = "<group>";
		};
		4BC492F11A49B838005E8072 /* Supporting Files */ = {
			isa = PBXGroup;
			children = (
				4BC492F21A49B838005E8072 /* Info.plist */,
			);
			name = "Supporting Files";
			sourceTree = "<group>";
		};
/* End PBXGroup section */

/* Begin PBXNativeTarget section */
		4BC492D31A49B838005E8072 /* JYFirstGithub */ = {
			isa = PBXNativeTarget;
			buildConfigurationList = 4BC492F71A49B838005E8072 /* Build configuration list for PBXNativeTarget "JYFirstGithub" */;
			buildPhases = (
				F8FF0811FC3EA6BEA7CF16A5 /* Check Pods Manifest.lock */,
				4BC492D01A49B838005E8072 /* Sources */,
				4BC492D11A49B838005E8072 /* Frameworks */,
				4BC492D21A49B838005E8072 /* Resources */,
				2BE9EB566A1869754EE49661 /* Copy Pods Resources */,
			);
			buildRules = (
			);
			dependencies = (
			);
			name = JYFirstGithub;
			productName = JYFirstGithub;
			productReference = 4BC492D41A49B838005E8072 /* JYFirstGithub.app */;
			productType = "com.apple.product-type.application";
		};
		4BC492EC1A49B838005E8072 /* JYFirstGithubTests */ = {
			isa = PBXNativeTarget;
			buildConfigurationList = 4BC492FA1A49B838005E8072 /* Build configuration list for PBXNativeTarget "JYFirstGithubTests" */;
			buildPhases = (
				4BC492E91A49B838005E8072 /* Sources */,
				4BC492EA1A49B838005E8072 /* Frameworks */,
				4BC492EB1A49B838005E8072 /* Resources */,
			);
			buildRules = (
			);
			dependencies = (
				4BC492EF1A49B838005E8072 /* PBXTargetDependency */,
			);
			name = JYFirstGithubTests;
			productName = JYFirstGithubTests;
			productReference = 4BC492ED1A49B838005E8072 /* JYFirstGithubTests.xctest */;
			productType = "com.apple.product-type.bundle.unit-test";
		};
/* End PBXNativeTarget section */

/* Begin PBXProject section */
		4BC492CC1A49B838005E8072 /* Project object */ = {
			isa = PBXProject;
			attributes = {
				LastUpgradeCheck = 0610;
				ORGANIZATIONNAME = JinYong;
				TargetAttributes = {
					4BC492D31A49B838005E8072 = {
						CreatedOnToolsVersion = 6.1.1;
					};
					4BC492EC1A49B838005E8072 = {
						CreatedOnToolsVersion = 6.1.1;
						TestTargetID = 4BC492D31A49B838005E8072;
					};
				};
			};
			buildConfigurationList = 4BC492CF1A49B838005E8072 /* Build configuration list for PBXProject "JYFirstGithub" */;
			compatibilityVersion = "Xcode 3.2";
			developmentRegion = English;
			hasScannedForEncodings = 0;
			knownRegions = (
				en,
				Base,
			);
			mainGroup = 4BC492CB1A49B838005E8072;
			productRefGroup = 4BC492D51A49B838005E8072 /* Products */;
			projectDirPath = "";
			projectRoot = "";
			targets = (
				4BC492D31A49B838005E8072 /* JYFirstGithub */,
				4BC492EC1A49B838005E8072 /* JYFirstGithubTests */,
			);
		};
/* End PBXProject section */

/* Begin PBXResourcesBuildPhase section */
		4BC492D21A49B838005E8072 /* Resources */ = {
			isa = PBXResourcesBuildPhase;
			buildActionMask = 2147483647;
			files = (
				4BC492E31A49B838005E8072 /* Main.storyboard in Resources */,
				4BC492E81A49B838005E8072 /* LaunchScreen.xib in Resources */,
				4BC492E51A49B838005E8072 /* Images.xcassets in Resources */,
			);
			runOnlyForDeploymentPostprocessing = 0;
		};
		4BC492EB1A49B838005E8072 /* Resources */ = {
			isa = PBXResourcesBuildPhase;
			buildActionMask = 2147483647;
			files = (
			);
			runOnlyForDeploymentPostprocessing = 0;
		};
/* End PBXResourcesBuildPhase section */

/* Begin PBXShellScriptBuildPhase section */
		2BE9EB566A1869754EE49661 /* Copy Pods Resources */ = {
			isa = PBXShellScriptBuildPhase;
			buildActionMask = 2147483647;
			files = (
			);
			inputPaths = (
			);
			name = "Copy Pods Resources";
			outputPaths = (
			);
			runOnlyForDeploymentPostprocessing = 0;
			shellPath = /bin/sh;
			shellScript = "\"${SRCROOT}/Pods/Target Support Files/Pods/Pods-resources.sh\"\n";
			showEnvVarsInLog = 0;
		};
		F8FF0811FC3EA6BEA7CF16A5 /* Check Pods Manifest.lock */ = {
			isa = PBXShellScriptBuildPhase;
			buildActionMask = 2147483647;
			files = (
			);
			inputPaths = (
			);
			name = "Check Pods Manifest.lock";
			outputPaths = (
			);
			runOnlyForDeploymentPostprocessing = 0;
			shellPath = /bin/sh;
			shellScript = "diff \"${PODS_ROOT}/../Podfile.lock\" \"${PODS_ROOT}/Manifest.lock\" > /dev/null\nif [[ $? != 0 ]] ; then\n    cat << EOM\nerror: The sandbox is not in sync with the Podfile.lock. Run 'pod install' or update your CocoaPods installation.\nEOM\n    exit 1\nfi\n";
			showEnvVarsInLog = 0;
		};
/* End PBXShellScriptBuildPhase section */

/* Begin PBXSourcesBuildPhase section */
		4BC492D01A49B838005E8072 /* Sources */ = {
			isa = PBXSourcesBuildPhase;
			buildActionMask = 2147483647;
			files = (
				4BC492E01A49B838005E8072 /* ViewController.m in Sources */,
				4BC492DD1A49B838005E8072 /* AppDelegate.m in Sources */,
				4BC492DA1A49B838005E8072 /* main.m in Sources */,
			);
			runOnlyForDeploymentPostprocessing = 0;
		};
		4BC492E91A49B838005E8072 /* Sources */ = {
			isa = PBXSourcesBuildPhase;
			buildActionMask = 2147483647;
			files = (
				4BC492F41A49B838005E8072 /* JYFirstGithubTests.m in Sources */,
			);
			runOnlyForDeploymentPostprocessing = 0;
		};
/* End PBXSourcesBuildPhase section */

/* Begin PBXTargetDependency section */
		4BC492EF1A49B838005E8072 /* PBXTargetDependency */ = {
			isa = PBXTargetDependency;
			target = 4BC492D31A49B838005E8072 /* JYFirstGithub */;
			targetProxy = 4BC492EE1A49B838005E8072 /* PBXContainerItemProxy */;
		};
/* End PBXTargetDependency section */

/* Begin PBXVariantGroup section */
		4BC492E11A49B838005E8072 /* Main.storyboard */ = {
			isa = PBXVariantGroup;
			children = (
				4BC492E21A49B838005E8072 /* Base */,
			);
			name = Main.storyboard;
			sourceTree = "<group>";
		};
		4BC492E61A49B838005E8072 /* LaunchScreen.xib */ = {
			isa = PBXVariantGroup;
			children = (
				4BC492E71A49B838005E8072 /* Base */,
			);
			name = LaunchScreen.xib;
			sourceTree = "<group>";
		};
/* End PBXVariantGroup section */

/* Begin XCBuildConfiguration section */
		4BC492F51A49B838005E8072 /* Debug */ = {
			isa = XCBuildConfiguration;
			buildSettings = {
				ALWAYS_SEARCH_USER_PATHS = NO;
				CLANG_CXX_LANGUAGE_STANDARD = "gnu++0x";
				CLANG_CXX_LIBRARY = "libc++";
				CLANG_ENABLE_MODULES = YES;
				CLANG_ENABLE_OBJC_ARC = YES;
				CLANG_WARN_BOOL_CONVERSION = YES;
				CLANG_WARN_CONSTANT_CONVERSION = YES;
				CLANG_WARN_DIRECT_OBJC_ISA_USAGE = YES_ERROR;
				CLANG_WARN_EMPTY_BODY = YES;
				CLANG_WARN_ENUM_CONVERSION = YES;
				CLANG_WARN_INT_CONVERSION = YES;
				CLANG_WARN_OBJC_ROOT_CLASS = YES_ERROR;
				CLANG_WARN_UNREACHABLE_CODE = YES;
				CLANG_WARN__DUPLICATE_METHOD_MATCH = YES;
				"CODE_SIGN_IDENTITY[sdk=iphoneos*]" = "iPhone Developer";
				COPY_PHASE_STRIP = NO;
				ENABLE_STRICT_OBJC_MSGSEND = YES;
				GCC_C_LANGUAGE_STANDARD = gnu99;
				GCC_DYNAMIC_NO_PIC = NO;
				GCC_OPTIMIZATION_LEVEL = 0;
				GCC_PREPROCESSOR_DEFINITIONS = (
					"DEBUG=1",
					"$(inherited)",
				);
				GCC_SYMBOLS_PRIVATE_EXTERN = NO;
				GCC_WARN_64_TO_32_BIT_CONVERSION = YES;
				GCC_WARN_ABOUT_RETURN_TYPE = YES_ERROR;
				GCC_WARN_UNDECLARED_SELECTOR = YES;
				GCC_WARN_UNINITIALIZED_AUTOS = YES_AGGRESSIVE;
				GCC_WARN_UNUSED_FUNCTION = YES;
				GCC_WARN_UNUSED_VARIABLE = YES;
				IPHONEOS_DEPLOYMENT_TARGET = 8.1;
				MTL_ENABLE_DEBUG_INFO = YES;
				ONLY_ACTIVE_ARCH = YES;
				SDKROOT = iphoneos;
				TARGETED_DEVICE_FAMILY = "1,2";
			};
			name = Debug;
		};
		4BC492F61A49B838005E8072 /* Release */ = {
			isa = XCBuildConfiguration;
			buildSettings = {
				ALWAYS_SEARCH_USER_PATHS = NO;
				CLANG_CXX_LANGUAGE_STANDARD = "gnu++0x";
				CLANG_CXX_LIBRARY = "libc++";
				CLANG_ENABLE_MODULES = YES;
				CLANG_ENABLE_OBJC_ARC = YES;
				CLANG_WARN_BOOL_CONVERSION = YES;
				CLANG_WARN_CONSTANT_CONVERSION = YES;
				CLANG_WARN_DIRECT_OBJC_ISA_USAGE = YES_ERROR;
				CLANG_WARN_EMPTY_BODY = YES;
				CLANG_WARN_ENUM_CONVERSION = YES;
				CLANG_WARN_INT_CONVERSION = YES;
				CLANG_WARN_OBJC_ROOT_CLASS = YES_ERROR;
				CLANG_WARN_UNREACHABLE_CODE = YES;
				CLANG_WARN__DUPLICATE_METHOD_MATCH = YES;
				"CODE_SIGN_IDENTITY[sdk=iphoneos*]" = "iPhone Developer";
				COPY_PHASE_STRIP = YES;
				ENABLE_NS_ASSERTIONS = NO;
				ENABLE_STRICT_OBJC_MSGSEND = YES;
				GCC_C_LANGUAGE_STANDARD = gnu99;
				GCC_WARN_64_TO_32_BIT_CONVERSION = YES;
				GCC_WARN_ABOUT_RETURN_TYPE = YES_ERROR;
				GCC_WARN_UNDECLARED_SELECTOR = YES;
				GCC_WARN_UNINITIALIZED_AUTOS = YES_AGGRESSIVE;
				GCC_WARN_UNUSED_FUNCTION = YES;
				GCC_WARN_UNUSED_VARIABLE = YES;
				IPHONEOS_DEPLOYMENT_TARGET = 8.1;
				MTL_ENABLE_DEBUG_INFO = NO;
				SDKROOT = iphoneos;
				TARGETED_DEVICE_FAMILY = "1,2";
				VALIDATE_PRODUCT = YES;
			};
			name = Release;
		};
		4BC492F81A49B838005E8072 /* Debug */ = {
			isa = XCBuildConfiguration;
			baseConfigurationReference = 38A1D849ADC1C1350653CA25 /* Pods.debug.xcconfig */;
			buildSettings = {
				ASSETCATALOG_COMPILER_APPICON_NAME = AppIcon;
				CODE_SIGN_IDENTITY = "iPhone Developer: Qikuo Yin (ZL8NAH344G)";
				GCC_PREFIX_HEADER = "$(SRCROOT)/JYFirstGithub/JYPrefix.pch";
				INFOPLIST_FILE = JYFirstGithub/Info.plist;
				IPHONEOS_DEPLOYMENT_TARGET = 7.0;
				LD_RUNPATH_SEARCH_PATHS = "$(inherited) @executable_path/Frameworks";
				PRODUCT_NAME = "$(TARGET_NAME)";
			};
			name = Debug;
		};
		4BC492F91A49B838005E8072 /* Release */ = {
			isa = XCBuildConfiguration;
			baseConfigurationReference = 8946F015DD7DB732439A3494 /* Pods.release.xcconfig */;
			buildSettings = {
				ASSETCATALOG_COMPILER_APPICON_NAME = AppIcon;
				CODE_SIGN_IDENTITY = "iPhone Developer: Qikuo Yin (ZL8NAH344G)";
				GCC_PREFIX_HEADER = "$(SRCROOT)/JYFirstGithub/JYPrefix.pch";
				INFOPLIST_FILE = JYFirstGithub/Info.plist;
				IPHONEOS_DEPLOYMENT_TARGET = 7.0;
				LD_RUNPATH_SEARCH_PATHS = "$(inherited) @executable_path/Frameworks";
				PRODUCT_NAME = "$(TARGET_NAME)";
			};
			name = Release;
		};
		4BC492FB1A49B838005E8072 /* Debug */ = {
			isa = XCBuildConfiguration;
			buildSettings = {
				BUNDLE_LOADER = "$(TEST_HOST)";
				FRAMEWORK_SEARCH_PATHS = (
					"$(SDKROOT)/Developer/Library/Frameworks",
					"$(inherited)",
				);
				GCC_PREPROCESSOR_DEFINITIONS = (
					"DEBUG=1",
					"$(inherited)",
				);
				INFOPLIST_FILE = JYFirstGithubTests/Info.plist;
				LD_RUNPATH_SEARCH_PATHS = "$(inherited) @executable_path/Frameworks @loader_path/Frameworks";
				PRODUCT_NAME = "$(TARGET_NAME)";
				TEST_HOST = "$(BUILT_PRODUCTS_DIR)/JYFirstGithub.app/JYFirstGithub";
			};
			name = Debug;
		};
		4BC492FC1A49B838005E8072 /* Release */ = {
			isa = XCBuildConfiguration;
			buildSettings = {
				BUNDLE_LOADER = "$(TEST_HOST)";
				FRAMEWORK_SEARCH_PATHS = (
					"$(SDKROOT)/Developer/Library/Frameworks",
					"$(inherited)",
				);
				INFOPLIST_FILE = JYFirstGithubTests/Info.plist;
				LD_RUNPATH_SEARCH_PATHS = "$(inherited) @executable_path/Frameworks @loader_path/Frameworks";
				PRODUCT_NAME = "$(TARGET_NAME)";
				TEST_HOST = "$(BUILT_PRODUCTS_DIR)/JYFirstGithub.app/JYFirstGithub";
			};
			name = Release;
		};
/* End XCBuildConfiguration section */

/* Begin XCConfigurationList section */
		4BC492CF1A49B838005E8072 /* Build configuration list for PBXProject "JYFirstGithub" */ = {
			isa = XCConfigurationList;
			buildConfigurations = (
				4BC492F51A49B838005E8072 /* Debug */,
				4BC492F61A49B838005E8072 /* Release */,
			);
			defaultConfigurationIsVisible = 0;
			defaultConfigurationName = Release;
		};
		4BC492F71A49B838005E8072 /* Build configuration list for PBXNativeTarget "JYFirstGithub" */ = {
			isa = XCConfigurationList;
			buildConfigurations = (
				4BC492F81A49B838005E8072 /* Debug */,
				4BC492F91A49B838005E8072 /* Release */,
			);
			defaultConfigurationIsVisible = 0;
			defaultConfigurationName = Release;
		};
		4BC492FA1A49B838005E8072 /* Build configuration list for PBXNativeTarget "JYFirstGithubTests" */ = {
			isa = XCConfigurationList;
			buildConfigurations = (
				4BC492FB1A49B838005E8072 /* Debug */,
				4BC492FC1A49B838005E8072 /* Release */,
			);
			defaultConfigurationIsVisible = 0;
			defaultConfigurationName = Release;
		};
/* End XCConfigurationList section */
	};
	rootObject = 4BC492CC1A49B838005E8072 /* Project object */;
}
